
Microsoft Visual Studio Solution File, Format Version 12.00
# Visual Studio Version 17
VisualStudioVersion = 17.14.36301.6 d17.14
MinimumVisualStudioVersion = 10.0.40219.1
Project("{FAE04EC0-301F-11D3-BF4B-00C04F79EFBC}") = "Przebiegi", "Przebiegi\Przebiegi.csproj", "{DB9A40BD-E79B-4D8F-B6A6-6572AA02B4F1}"
EndProject
Global
	GlobalSection(SolutionConfigurationPlatforms) = preSolution
		Debug|Any CPU = Debug|Any CPU
		Release|Any CPU = Release|Any CPU
	EndGlobalSection
	GlobalSection(ProjectConfigurationPlatforms) = postSolution
		{DB9A40BD-E79B-4D8F-B6A6-6572AA02B4F1}.Debug|Any CPU.ActiveCfg = Debug|Any CPU
		{DB9A40BD-E79B-4D8F-B6A6-6572AA02B4F1}.Debug|Any CPU.Build.0 = Debug|Any CPU
		{DB9A40BD-E79B-4D8F-B6A6-6572AA02B4F1}.Release|Any CPU.ActiveCfg = Release|Any CPU
		{DB9A40BD-E79B-4D8F-B6A6-6572AA02B4F1}.Release|Any CPU.Build.0 = Release|Any CPU
	EndGlobalSection
	GlobalSection(SolutionProperties) = preSolution
		HideSolutionNode = FALSE
	EndGlobalSection
	GlobalSection(ExtensibilityGlobals) = postSolution
		SolutionGuid = {ECAE9FB5-B459-4633-8550-CFBD4334DCAB}
	EndGlobalSection
EndGlobal
